
Microsoft Visual Studio Solution File, Format Version 12.00
# Visual Studio Version 17
VisualStudioVersion = 17.2.32630.192
MinimumVisualStudioVersion = 10.0.40219.1
Project("{9A19103F-16F7-4668-BE54-9A1E7A4F7556}") = "DispenConverter", "DsipenConverter\DispenConverter.csproj", "{93A6A526-6C52-491A-B4C1-081759C17F1D}"
EndProject
Global
	GlobalSection(SolutionConfigurationPlatforms) = preSolution
		Debug|Any CPU = Debug|Any CPU
		Release|Any CPU = Release|Any CPU
	EndGlobalSection
	GlobalSection(ProjectConfigurationPlatforms) = postSolution
		{93A6A526-6C52-491A-B4C1-081759C17F1D}.Debug|Any CPU.ActiveCfg = Debug|Any CPU
		{93A6A526-6C52-491A-B4C1-081759C17F1D}.Debug|Any CPU.Build.0 = Debug|Any CPU
		{93A6A526-6C52-491A-B4C1-081759C17F1D}.Release|Any CPU.ActiveCfg = Release|Any CPU
		{93A6A526-6C52-491A-B4C1-081759C17F1D}.Release|Any CPU.Build.0 = Release|Any CPU
	EndGlobalSection
	GlobalSection(SolutionProperties) = preSolution
		HideSolutionNode = FALSE
	EndGlobalSection
	GlobalSection(ExtensibilityGlobals) = postSolution
		SolutionGuid = {7D919290-1E42-4384-8BEC-1ABB719BDB21}
	EndGlobalSection
EndGlobal
